
Microsoft Visual Studio Solution File, Format Version 12.00
# Visual Studio Version 16
VisualStudioVersion = 16.0.29806.167
MinimumVisualStudioVersion = 10.0.40219.1
Project("{FAE04EC0-301F-11D3-BF4B-00C04F79EFBC}") = "SixpenceStudio.BaseSite", "SixpenceStudio.BaseSite\SixpenceStudio.BaseSite.csproj", "{ED15407E-D6BB-47AD-A834-0CF31D0A85CC}"
EndProject
Project("{FAE04EC0-301F-11D3-BF4B-00C04F79EFBC}") = "SixpenceStudio.Platform", "SixpenceStudio.Platform\SixpenceStudio.Platform.csproj", "{D450A5BE-E240-41F7-A948-17EEF0D16445}"
EndProject
Project("{2150E333-8FDC-42A3-9474-1A3956D46DE8}") = "SixpenceStudio.Tool", "SixpenceStudio.Tool", "{0D13F201-E039-4218-A7B5-C09ECF410C5D}"
EndProject
Project("{FAE04EC0-301F-11D3-BF4B-00C04F79EFBC}") = "SixpenceStudio.Encryption", "SixpenceStudio.Encryption\SixpenceStudio.Encryption.csproj", "{63B62369-8909-46DA-822D-E96FD2478808}"
EndProject
Project("{FAE04EC0-301F-11D3-BF4B-00C04F79EFBC}") = "SixpenceStudio.WeChat", "SixpenceStudio.WeChat\SixpenceStudio.WeChat.csproj", "{638FED7C-15F5-499E-A772-A78A4A884926}"
EndProject
Global
	GlobalSection(SolutionConfigurationPlatforms) = preSolution
		Debug|Any CPU = Debug|Any CPU
		Release|Any CPU = Release|Any CPU
	EndGlobalSection
	GlobalSection(ProjectConfigurationPlatforms) = postSolution
		{ED15407E-D6BB-47AD-A834-0CF31D0A85CC}.Debug|Any CPU.ActiveCfg = Debug|Any CPU
		{ED15407E-D6BB-47AD-A834-0CF31D0A85CC}.Debug|Any CPU.Build.0 = Debug|Any CPU
		{ED15407E-D6BB-47AD-A834-0CF31D0A85CC}.Release|Any CPU.ActiveCfg = Release|Any CPU
		{ED15407E-D6BB-47AD-A834-0CF31D0A85CC}.Release|Any CPU.Build.0 = Release|Any CPU
		{D450A5BE-E240-41F7-A948-17EEF0D16445}.Debug|Any CPU.ActiveCfg = Debug|Any CPU
		{D450A5BE-E240-41F7-A948-17EEF0D16445}.Debug|Any CPU.Build.0 = Debug|Any CPU
		{D450A5BE-E240-41F7-A948-17EEF0D16445}.Release|Any CPU.ActiveCfg = Release|Any CPU
		{D450A5BE-E240-41F7-A948-17EEF0D16445}.Release|Any CPU.Build.0 = Release|Any CPU
		{63B62369-8909-46DA-822D-E96FD2478808}.Debug|Any CPU.ActiveCfg = Debug|Any CPU
		{63B62369-8909-46DA-822D-E96FD2478808}.Debug|Any CPU.Build.0 = Debug|Any CPU
		{63B62369-8909-46DA-822D-E96FD2478808}.Release|Any CPU.ActiveCfg = Release|Any CPU
		{63B62369-8909-46DA-822D-E96FD2478808}.Release|Any CPU.Build.0 = Release|Any CPU
		{638FED7C-15F5-499E-A772-A78A4A884926}.Debug|Any CPU.ActiveCfg = Debug|Any CPU
		{638FED7C-15F5-499E-A772-A78A4A884926}.Debug|Any CPU.Build.0 = Debug|Any CPU
		{638FED7C-15F5-499E-A772-A78A4A884926}.Release|Any CPU.ActiveCfg = Release|Any CPU
		{638FED7C-15F5-499E-A772-A78A4A884926}.Release|Any CPU.Build.0 = Release|Any CPU
	EndGlobalSection
	GlobalSection(SolutionProperties) = preSolution
		HideSolutionNode = FALSE
	EndGlobalSection
	GlobalSection(NestedProjects) = preSolution
		{63B62369-8909-46DA-822D-E96FD2478808} = {0D13F201-E039-4218-A7B5-C09ECF410C5D}
	EndGlobalSection
	GlobalSection(ExtensibilityGlobals) = postSolution
		SolutionGuid = {59B4B777-66D7-403A-93FA-8406A336E4B5}
	EndGlobalSection
EndGlobal
