
Microsoft Visual Studio Solution File, Format Version 12.00
# Visual Studio Version 16
VisualStudioVersion = 16.0.29806.167
MinimumVisualStudioVersion = 10.0.40219.1
Project("{2150E333-8FDC-42A3-9474-1A3956D46DE8}") = "SixpenceStudio.Tool", "SixpenceStudio.Tool", "{0D13F201-E039-4218-A7B5-C09ECF410C5D}"
EndProject
Project("{FAE04EC0-301F-11D3-BF4B-00C04F79EFBC}") = "SixpenceStudio.Encryption", "SixpenceStudio.Encryption\SixpenceStudio.Encryption.csproj", "{63B62369-8909-46DA-822D-E96FD2478808}"
EndProject
Project("{FAE04EC0-301F-11D3-BF4B-00C04F79EFBC}") = "SixpenceStudio.WeChat", "SixpenceStudio.WeChat\SixpenceStudio.WeChat.csproj", "{638FED7C-15F5-499E-A772-A78A4A884926}"
EndProject
Project("{FAE04EC0-301F-11D3-BF4B-00C04F79EFBC}") = "SixpenceStudio.Core", "SixpenceStudio.Core\SixpenceStudio.Core.csproj", "{8BE4A4EB-B842-4133-ADF9-A3581D47C8A3}"
EndProject
Project("{FAE04EC0-301F-11D3-BF4B-00C04F79EFBC}") = "SixpenceStudio.AutoDeploy", "SixpenceStudio.AutoUpdate\SixpenceStudio.AutoDeploy.csproj", "{66337FAC-60FB-4682-B264-66349464981D}"
EndProject
Project("{2150E333-8FDC-42A3-9474-1A3956D46DE8}") = "Test", "Test", "{803C4018-B214-499B-B14F-4BC2482FB14E}"
EndProject
Project("{FAE04EC0-301F-11D3-BF4B-00C04F79EFBC}") = "UnitTest", "UnitTest\UnitTest.csproj", "{EAA66A98-3FDA-4832-B4EE-7701E29F4AE5}"
EndProject
Global
	GlobalSection(SolutionConfigurationPlatforms) = preSolution
		Debug|Any CPU = Debug|Any CPU
		Release|Any CPU = Release|Any CPU
	EndGlobalSection
	GlobalSection(ProjectConfigurationPlatforms) = postSolution
		{63B62369-8909-46DA-822D-E96FD2478808}.Debug|Any CPU.ActiveCfg = Debug|Any CPU
		{63B62369-8909-46DA-822D-E96FD2478808}.Debug|Any CPU.Build.0 = Debug|Any CPU
		{63B62369-8909-46DA-822D-E96FD2478808}.Release|Any CPU.ActiveCfg = Release|Any CPU
		{63B62369-8909-46DA-822D-E96FD2478808}.Release|Any CPU.Build.0 = Release|Any CPU
		{638FED7C-15F5-499E-A772-A78A4A884926}.Debug|Any CPU.ActiveCfg = Debug|Any CPU
		{638FED7C-15F5-499E-A772-A78A4A884926}.Debug|Any CPU.Build.0 = Debug|Any CPU
		{638FED7C-15F5-499E-A772-A78A4A884926}.Release|Any CPU.ActiveCfg = Release|Any CPU
		{638FED7C-15F5-499E-A772-A78A4A884926}.Release|Any CPU.Build.0 = Release|Any CPU
		{8BE4A4EB-B842-4133-ADF9-A3581D47C8A3}.Debug|Any CPU.ActiveCfg = Debug|Any CPU
		{8BE4A4EB-B842-4133-ADF9-A3581D47C8A3}.Debug|Any CPU.Build.0 = Debug|Any CPU
		{8BE4A4EB-B842-4133-ADF9-A3581D47C8A3}.Release|Any CPU.ActiveCfg = Release|Any CPU
		{8BE4A4EB-B842-4133-ADF9-A3581D47C8A3}.Release|Any CPU.Build.0 = Release|Any CPU
		{66337FAC-60FB-4682-B264-66349464981D}.Debug|Any CPU.ActiveCfg = Debug|Any CPU
		{66337FAC-60FB-4682-B264-66349464981D}.Debug|Any CPU.Build.0 = Debug|Any CPU
		{66337FAC-60FB-4682-B264-66349464981D}.Release|Any CPU.ActiveCfg = Release|Any CPU
		{66337FAC-60FB-4682-B264-66349464981D}.Release|Any CPU.Build.0 = Release|Any CPU
		{EAA66A98-3FDA-4832-B4EE-7701E29F4AE5}.Debug|Any CPU.ActiveCfg = Debug|Any CPU
		{EAA66A98-3FDA-4832-B4EE-7701E29F4AE5}.Debug|Any CPU.Build.0 = Debug|Any CPU
		{EAA66A98-3FDA-4832-B4EE-7701E29F4AE5}.Release|Any CPU.ActiveCfg = Release|Any CPU
		{EAA66A98-3FDA-4832-B4EE-7701E29F4AE5}.Release|Any CPU.Build.0 = Release|Any CPU
	EndGlobalSection
	GlobalSection(SolutionProperties) = preSolution
		HideSolutionNode = FALSE
	EndGlobalSection
	GlobalSection(NestedProjects) = preSolution
		{63B62369-8909-46DA-822D-E96FD2478808} = {0D13F201-E039-4218-A7B5-C09ECF410C5D}
		{66337FAC-60FB-4682-B264-66349464981D} = {0D13F201-E039-4218-A7B5-C09ECF410C5D}
		{EAA66A98-3FDA-4832-B4EE-7701E29F4AE5} = {803C4018-B214-499B-B14F-4BC2482FB14E}
	EndGlobalSection
	GlobalSection(ExtensibilityGlobals) = postSolution
		SolutionGuid = {59B4B777-66D7-403A-93FA-8406A336E4B5}
	EndGlobalSection
EndGlobal
